{
  "name": "server",
  "lockfileVersion": 2,
  "requires": true,
  "packages": {
    "": {
      "dependencies": {
        "init-server": "^1.0.1"
      }
    },
    "node_modules/init-server": {
      "version": "1.0.1",
      "resolved": "https://registry.npmjs.org/init-server/-/init-server-1.0.1.tgz",
      "integrity": "sha512-tozt22nTeeugPIKqCopt+Cj9Uwz+wdzyYkJPWNt0wstA3lmCpXWzXHgMF539GZjinu2t7wQmj+ThVjG2ZQafOQ==",
      "bin": {
        "init-server": "bin/index.js"
      }
    }
  },
  "dependencies": {
    "init-server": {
      "version": "1.0.1",
      "resolved": "https://registry.npmjs.org/init-server/-/init-server-1.0.1.tgz",
      "integrity": "sha512-tozt22nTeeugPIKqCopt+Cj9Uwz+wdzyYkJPWNt0wstA3lmCpXWzXHgMF539GZjinu2t7wQmj+ThVjG2ZQafOQ=="
    }
  }
}
